
Microsoft Visual Studio Solution File, Format Version 12.00
# Visual Studio Version 16
VisualStudioVersion = 16.0.29806.167
MinimumVisualStudioVersion = 10.0.40219.1
Project("{FAE04EC0-301F-11D3-BF4B-00C04F79EFBC}") = "SammysAuto", "SammysAuto.csproj", "{A3C28DD8-AEEF-4950-9BD0-82C892806F98}"
EndProject
Global
	GlobalSection(SolutionConfigurationPlatforms) = preSolution
		Debug|Any CPU = Debug|Any CPU
		Release|Any CPU = Release|Any CPU
	EndGlobalSection
	GlobalSection(ProjectConfigurationPlatforms) = postSolution
		{A3C28DD8-AEEF-4950-9BD0-82C892806F98}.Debug|Any CPU.ActiveCfg = Debug|Any CPU
		{A3C28DD8-AEEF-4950-9BD0-82C892806F98}.Debug|Any CPU.Build.0 = Debug|Any CPU
		{A3C28DD8-AEEF-4950-9BD0-82C892806F98}.Release|Any CPU.ActiveCfg = Release|Any CPU
		{A3C28DD8-AEEF-4950-9BD0-82C892806F98}.Release|Any CPU.Build.0 = Release|Any CPU
	EndGlobalSection
	GlobalSection(SolutionProperties) = preSolution
		HideSolutionNode = FALSE
	EndGlobalSection
	GlobalSection(ExtensibilityGlobals) = postSolution
		SolutionGuid = {3D2D8EC2-5975-4122-9A7F-8BD926BF51D7}
	EndGlobalSection
EndGlobal
